
Microsoft Visual Studio Solution File, Format Version 12.00
# Visual Studio Version 17
VisualStudioVersion = 17.0.32014.148
MinimumVisualStudioVersion = 10.0.40219.1
Project("{9A19103F-16F7-4668-BE54-9A1E7A4F7556}") = "pizza_mama", "pizza_mama\pizza_mama.csproj", "{13E73784-1389-4513-B929-F8A5A1A61068}"
EndProject
Global
	GlobalSection(SolutionConfigurationPlatforms) = preSolution
		Debug|Any CPU = Debug|Any CPU
		Release|Any CPU = Release|Any CPU
	EndGlobalSection
	GlobalSection(ProjectConfigurationPlatforms) = postSolution
		{13E73784-1389-4513-B929-F8A5A1A61068}.Debug|Any CPU.ActiveCfg = Debug|Any CPU
		{13E73784-1389-4513-B929-F8A5A1A61068}.Debug|Any CPU.Build.0 = Debug|Any CPU
		{13E73784-1389-4513-B929-F8A5A1A61068}.Release|Any CPU.ActiveCfg = Release|Any CPU
		{13E73784-1389-4513-B929-F8A5A1A61068}.Release|Any CPU.Build.0 = Release|Any CPU
	EndGlobalSection
	GlobalSection(SolutionProperties) = preSolution
		HideSolutionNode = FALSE
	EndGlobalSection
	GlobalSection(ExtensibilityGlobals) = postSolution
		SolutionGuid = {E2EBAD38-2A72-4FC7-9691-8E21BA8C21C2}
	EndGlobalSection
EndGlobal
